// !$*UTF8*$!
{
	archiveVersion = 1;
	classes = {
	};
	objectVersion = 48;
	objects = {

/* Begin PBXBuildFile section */
		D9CF13812065A8AF00CCB053 /* AppDelegate.swift in Sources */ = {isa = PBXBuildFile; fileRef = D9CF13802065A8AF00CCB053 /* AppDelegate.swift */; };
		D9CF13832065A8AF00CCB053 /* ToDoListViewController.swift in Sources */ = {isa = PBXBuildFile; fileRef = D9CF13822065A8AF00CCB053 /* ToDoListViewController.swift */; };
		D9CF13862065A8AF00CCB053 /* Main.storyboard in Resources */ = {isa = PBXBuildFile; fileRef = D9CF13842065A8AF00CCB053 /* Main.storyboard */; };
		D9CF13882065A8AF00CCB053 /* Assets.xcassets in Resources */ = {isa = PBXBuildFile; fileRef = D9CF13872065A8AF00CCB053 /* Assets.xcassets */; };
		D9CF138B2065A8AF00CCB053 /* LaunchScreen.storyboard in Resources */ = {isa = PBXBuildFile; fileRef = D9CF13892065A8AF00CCB053 /* LaunchScreen.storyboard */; };
		D9DF8479207226A700B03DA9 /* Item.swift in Sources */ = {isa = PBXBuildFile; fileRef = D9DF8478207226A700B03DA9 /* Item.swift */; };
/* End PBXBuildFile section */

/* Begin PBXFileReference section */
		D9CF137D2065A8AF00CCB053 /* Todoey.app */ = {isa = PBXFileReference; explicitFileType = wrapper.application; includeInIndex = 0; path = Todoey.app; sourceTree = BUILT_PRODUCTS_DIR; };
		D9CF13802065A8AF00CCB053 /* AppDelegate.swift */ = {isa = PBXFileReference; lastKnownFileType = sourcecode.swift; path = AppDelegate.swift; sourceTree = "<group>"; };
		D9CF13822065A8AF00CCB053 /* ToDoListViewController.swift */ = {isa = PBXFileReference; lastKnownFileType = sourcecode.swift; path = ToDoListViewController.swift; sourceTree = "<group>"; };
		D9CF13852065A8AF00CCB053 /* Base */ = {isa = PBXFileReference; lastKnownFileType = file.storyboard; name = Base; path = Base.lproj/Main.storyboard; sourceTree = "<group>"; };
		D9CF13872065A8AF00CCB053 /* Assets.xcassets */ = {isa = PBXFileReference; lastKnownFileType = folder.assetcatalog; path = Assets.xcassets; sourceTree = "<group>"; };
		D9CF138A2065A8AF00CCB053 /* Base */ = {isa = PBXFileReference; lastKnownFileType = file.storyboard; name = Base; path = Base.lproj/LaunchScreen.storyboard; sourceTree = "<group>"; };
		D9CF138C2065A8AF00CCB053 /* Info.plist */ = {isa = PBXFileReference; lastKnownFileType = text.plist.xml; path = Info.plist; sourceTree = "<group>"; };
		D9DF8478207226A700B03DA9 /* Item.swift */ = {isa = PBXFileReference; lastKnownFileType = sourcecode.swift; path = Item.swift; sourceTree = "<group>"; };
/* End PBXFileReference section */

/* Begin PBXFrameworksBuildPhase section */
		D9CF137A2065A8AF00CCB053 /* Frameworks */ = {
			isa = PBXFrameworksBuildPhase;
			buildActionMask = 2147483647;
			files = (
			);
			runOnlyForDeploymentPostprocessing = 0;
		};
/* End PBXFrameworksBuildPhase section */

/* Begin PBXGroup section */
		D9CF13742065A8AF00CCB053 = {
			isa = PBXGroup;
			children = (
				D9CF137F2065A8AF00CCB053 /* Todoey */,
				D9CF137E2065A8AF00CCB053 /* Products */,
			);
			sourceTree = "<group>";
		};
		D9CF137E2065A8AF00CCB053 /* Products */ = {
			isa = PBXGroup;
			children = (
				D9CF137D2065A8AF00CCB053 /* Todoey.app */,
			);
			name = Products;
			sourceTree = "<group>";
		};
		D9CF137F2065A8AF00CCB053 /* Todoey */ = {
			isa = PBXGroup;
			children = (
				D9CF13802065A8AF00CCB053 /* AppDelegate.swift */,
				D9DF847A2072277F00B03DA9 /* Data Model */,
				D9DF847B2072281800B03DA9 /* Controllers */,
				D9DF847C2072282700B03DA9 /* Views */,
				D9DF847D2072285B00B03DA9 /* Supporting Files */,
				D9CF138C2065A8AF00CCB053 /* Info.plist */,
			);
			path = Todoey;
			sourceTree = "<group>";
		};
		D9DF847A2072277F00B03DA9 /* Data Model */ = {
			isa = PBXGroup;
			children = (
				D9DF8478207226A700B03DA9 /* Item.swift */,
			);
			path = "Data Model";
			sourceTree = "<group>";
		};
		D9DF847B2072281800B03DA9 /* Controllers */ = {
			isa = PBXGroup;
			children = (
				D9CF13822065A8AF00CCB053 /* ToDoListViewController.swift */,
			);
			path = Controllers;
			sourceTree = "<group>";
		};
		D9DF847C2072282700B03DA9 /* Views */ = {
			isa = PBXGroup;
			children = (
				D9CF13842065A8AF00CCB053 /* Main.storyboard */,
			);
			path = Views;
			sourceTree = "<group>";
		};
		D9DF847D2072285B00B03DA9 /* Supporting Files */ = {
			isa = PBXGroup;
			children = (
				D9CF13872065A8AF00CCB053 /* Assets.xcassets */,
				D9CF13892065A8AF00CCB053 /* LaunchScreen.storyboard */,
			);
			path = "Supporting Files";
			sourceTree = "<group>";
		};
/* End PBXGroup section */

/* Begin PBXNativeTarget section */
		D9CF137C2065A8AF00CCB053 /* Todoey */ = {
			isa = PBXNativeTarget;
			buildConfigurationList = D9CF138F2065A8AF00CCB053 /* Build configuration list for PBXNativeTarget "Todoey" */;
			buildPhases = (
				D9CF13792065A8AF00CCB053 /* Sources */,
				D9CF137A2065A8AF00CCB053 /* Frameworks */,
				D9CF137B2065A8AF00CCB053 /* Resources */,
			);
			buildRules = (
			);
			dependencies = (
			);
			name = Todoey;
			productName = Todoey;
			productReference = D9CF137D2065A8AF00CCB053 /* Todoey.app */;
			productType = "com.apple.product-type.application";
		};
/* End PBXNativeTarget section */

/* Begin PBXProject section */
		D9CF13752065A8AF00CCB053 /* Project object */ = {
			isa = PBXProject;
			attributes = {
				LastSwiftUpdateCheck = 0920;
				LastUpgradeCheck = 0920;
				ORGANIZATIONNAME = "Peter Hubka";
				TargetAttributes = {
					D9CF137C2065A8AF00CCB053 = {
						CreatedOnToolsVersion = 9.2;
						ProvisioningStyle = Automatic;
					};
				};
			};
			buildConfigurationList = D9CF13782065A8AF00CCB053 /* Build configuration list for PBXProject "Todoey" */;
			compatibilityVersion = "Xcode 8.0";
			developmentRegion = en;
			hasScannedForEncodings = 0;
			knownRegions = (
				en,
				Base,
			);
			mainGroup = D9CF13742065A8AF00CCB053;
			productRefGroup = D9CF137E2065A8AF00CCB053 /* Products */;
			projectDirPath = "";
			projectRoot = "";
			targets = (
				D9CF137C2065A8AF00CCB053 /* Todoey */,
			);
		};
/* End PBXProject section */

/* Begin PBXResourcesBuildPhase section */
		D9CF137B2065A8AF00CCB053 /* Resources */ = {
			isa = PBXResourcesBuildPhase;
			buildActionMask = 2147483647;
			files = (
				D9CF138B2065A8AF00CCB053 /* LaunchScreen.storyboard in Resources */,
				D9CF13882065A8AF00CCB053 /* Assets.xcassets in Resources */,
				D9CF13862065A8AF00CCB053 /* Main.storyboard in Resources */,
			);
			runOnlyForDeploymentPostprocessing = 0;
		};
/* End PBXResourcesBuildPhase section */

/* Begin PBXSourcesBuildPhase section */
		D9CF13792065A8AF00CCB053 /* Sources */ = {
			isa = PBXSourcesBuildPhase;
			buildActionMask = 2147483647;
			files = (
				D9CF13832065A8AF00CCB053 /* ToDoListViewController.swift in Sources */,
				D9DF8479207226A700B03DA9 /* Item.swift in Sources */,
				D9CF13812065A8AF00CCB053 /* AppDelegate.swift in Sources */,
			);
			runOnlyForDeploymentPostprocessing = 0;
		};
/* End PBXSourcesBuildPhase section */

/* Begin PBXVariantGroup section */
		D9CF13842065A8AF00CCB053 /* Main.storyboard */ = {
			isa = PBXVariantGroup;
			children = (
				D9CF13852065A8AF00CCB053 /* Base */,
			);
			name = Main.storyboard;
			sourceTree = "<group>";
		};
		D9CF13892065A8AF00CCB053 /* LaunchScreen.storyboard */ = {
			isa = PBXVariantGroup;
			children = (
				D9CF138A2065A8AF00CCB053 /* Base */,
			);
			name = LaunchScreen.storyboard;
			sourceTree = "<group>";
		};
/* End PBXVariantGroup section */

/* Begin XCBuildConfiguration section */
		D9CF138D2065A8AF00CCB053 /* Debug */ = {
			isa = XCBuildConfiguration;
			buildSettings = {
				ALWAYS_SEARCH_USER_PATHS = NO;
				CLANG_ANALYZER_NONNULL = YES;
				CLANG_ANALYZER_NUMBER_OBJECT_CONVERSION = YES_AGGRESSIVE;
				CLANG_CXX_LANGUAGE_STANDARD = "gnu++14";
				CLANG_CXX_LIBRARY = "libc++";
				CLANG_ENABLE_MODULES = YES;
				CLANG_ENABLE_OBJC_ARC = YES;
				CLANG_WARN_BLOCK_CAPTURE_AUTORELEASING = YES;
				CLANG_WARN_BOOL_CONVERSION = YES;
				CLANG_WARN_COMMA = YES;
				CLANG_WARN_CONSTANT_CONVERSION = YES;
				CLANG_WARN_DIRECT_OBJC_ISA_USAGE = YES_ERROR;
				CLANG_WARN_DOCUMENTATION_COMMENTS = YES;
				CLANG_WARN_EMPTY_BODY = YES;
				CLANG_WARN_ENUM_CONVERSION = YES;
				CLANG_WARN_INFINITE_RECURSION = YES;
				CLANG_WARN_INT_CONVERSION = YES;
				CLANG_WARN_NON_LITERAL_NULL_CONVERSION = YES;
				CLANG_WARN_OBJC_LITERAL_CONVERSION = YES;
				CLANG_WARN_OBJC_ROOT_CLASS = YES_ERROR;
				CLANG_WARN_RANGE_LOOP_ANALYSIS = YES;
				CLANG_WARN_STRICT_PROTOTYPES = YES;
				CLANG_WARN_SUSPICIOUS_MOVE = YES;
				CLANG_WARN_UNGUARDED_AVAILABILITY = YES_AGGRESSIVE;
				CLANG_WARN_UNREACHABLE_CODE = YES;
				CLANG_WARN__DUPLICATE_METHOD_MATCH = YES;
				CODE_SIGN_IDENTITY = "iPhone Developer";
				COPY_PHASE_STRIP = NO;
				DEBUG_INFORMATION_FORMAT = dwarf;
				ENABLE_STRICT_OBJC_MSGSEND = YES;
				ENABLE_TESTABILITY = YES;
				GCC_C_LANGUAGE_STANDARD = gnu11;
				GCC_DYNAMIC_NO_PIC = NO;
				GCC_NO_COMMON_BLOCKS = YES;
				GCC_OPTIMIZATION_LEVEL = 0;
				GCC_PREPROCESSOR_DEFINITIONS = (
					"DEBUG=1",
					"$(inherited)",
				);
				GCC_WARN_64_TO_32_BIT_CONVERSION = YES;
				GCC_WARN_ABOUT_RETURN_TYPE = YES_ERROR;
				GCC_WARN_UNDECLARED_SELECTOR = YES;
				GCC_WARN_UNINITIALIZED_AUTOS = YES_AGGRESSIVE;
				GCC_WARN_UNUSED_FUNCTION = YES;
				GCC_WARN_UNUSED_VARIABLE = YES;
				IPHONEOS_DEPLOYMENT_TARGET = 11.2;
				MTL_ENABLE_DEBUG_INFO = YES;
				ONLY_ACTIVE_ARCH = YES;
				SDKROOT = iphoneos;
				SWIFT_ACTIVE_COMPILATION_CONDITIONS = DEBUG;
				SWIFT_OPTIMIZATION_LEVEL = "-Onone";
			};
			name = Debug;
		};
		D9CF138E2065A8AF00CCB053 /* Release */ = {
			isa = XCBuildConfiguration;
			buildSettings = {
				ALWAYS_SEARCH_USER_PATHS = NO;
				CLANG_ANALYZER_NONNULL = YES;
				CLANG_ANALYZER_NUMBER_OBJECT_CONVERSION = YES_AGGRESSIVE;
				CLANG_CXX_LANGUAGE_STANDARD = "gnu++14";
				CLANG_CXX_LIBRARY = "libc++";
				CLANG_ENABLE_MODULES = YES;
				CLANG_ENABLE_OBJC_ARC = YES;
				CLANG_WARN_BLOCK_CAPTURE_AUTORELEASING = YES;
				CLANG_WARN_BOOL_CONVERSION = YES;
				CLANG_WARN_COMMA = YES;
				CLANG_WARN_CONSTANT_CONVERSION = YES;
				CLANG_WARN_DIRECT_OBJC_ISA_USAGE = YES_ERROR;
				CLANG_WARN_DOCUMENTATION_COMMENTS = YES;
				CLANG_WARN_EMPTY_BODY = YES;
				CLANG_WARN_ENUM_CONVERSION = YES;
				CLANG_WARN_INFINITE_RECURSION = YES;
				CLANG_WARN_INT_CONVERSION = YES;
				CLANG_WARN_NON_LITERAL_NULL_CONVERSION = YES;
				CLANG_WARN_OBJC_LITERAL_CONVERSION = YES;
				CLANG_WARN_OBJC_ROOT_CLASS = YES_ERROR;
				CLANG_WARN_RANGE_LOOP_ANALYSIS = YES;
				CLANG_WARN_STRICT_PROTOTYPES = YES;
				CLANG_WARN_SUSPICIOUS_MOVE = YES;
				CLANG_WARN_UNGUARDED_AVAILABILITY = YES_AGGRESSIVE;
				CLANG_WARN_UNREACHABLE_CODE = YES;
				CLANG_WARN__DUPLICATE_METHOD_MATCH = YES;
				CODE_SIGN_IDENTITY = "iPhone Developer";
				COPY_PHASE_STRIP = NO;
				DEBUG_INFORMATION_FORMAT = "dwarf-with-dsym";
				ENABLE_NS_ASSERTIONS = NO;
				ENABLE_STRICT_OBJC_MSGSEND = YES;
				GCC_C_LANGUAGE_STANDARD = gnu11;
				GCC_NO_COMMON_BLOCKS = YES;
				GCC_WARN_64_TO_32_BIT_CONVERSION = YES;
				GCC_WARN_ABOUT_RETURN_TYPE = YES_ERROR;
				GCC_WARN_UNDECLARED_SELECTOR = YES;
				GCC_WARN_UNINITIALIZED_AUTOS = YES_AGGRESSIVE;
				GCC_WARN_UNUSED_FUNCTION = YES;
				GCC_WARN_UNUSED_VARIABLE = YES;
				IPHONEOS_DEPLOYMENT_TARGET = 11.2;
				MTL_ENABLE_DEBUG_INFO = NO;
				SDKROOT = iphoneos;
				SWIFT_OPTIMIZATION_LEVEL = "-Owholemodule";
				VALIDATE_PRODUCT = YES;
			};
			name = Release;
		};
		D9CF13902065A8AF00CCB053 /* Debug */ = {
			isa = XCBuildConfiguration;
			buildSettings = {
				ASSETCATALOG_COMPILER_APPICON_NAME = AppIcon;
				CODE_SIGN_STYLE = Automatic;
				DEVELOPMENT_TEAM = 93L6NE5WL3;
				INFOPLIST_FILE = Todoey/Info.plist;
				LD_RUNPATH_SEARCH_PATHS = "$(inherited) @executable_path/Frameworks";
				PRODUCT_BUNDLE_IDENTIFIER = com.peterhubka.Todoey;
				PRODUCT_NAME = "$(TARGET_NAME)";
				SWIFT_VERSION = 4.0;
				TARGETED_DEVICE_FAMILY = "1,2";
			};
			name = Debug;
		};
		D9CF13912065A8AF00CCB053 /* Release */ = {
			isa = XCBuildConfiguration;
			buildSettings = {
				ASSETCATALOG_COMPILER_APPICON_NAME = AppIcon;
				CODE_SIGN_STYLE = Automatic;
				DEVELOPMENT_TEAM = 93L6NE5WL3;
				INFOPLIST_FILE = Todoey/Info.plist;
				LD_RUNPATH_SEARCH_PATHS = "$(inherited) @executable_path/Frameworks";
				PRODUCT_BUNDLE_IDENTIFIER = com.peterhubka.Todoey;
				PRODUCT_NAME = "$(TARGET_NAME)";
				SWIFT_VERSION = 4.0;
				TARGETED_DEVICE_FAMILY = "1,2";
			};
			name = Release;
		};
/* End XCBuildConfiguration section */

/* Begin XCConfigurationList section */
		D9CF13782065A8AF00CCB053 /* Build configuration list for PBXProject "Todoey" */ = {
			isa = XCConfigurationList;
			buildConfigurations = (
				D9CF138D2065A8AF00CCB053 /* Debug */,
				D9CF138E2065A8AF00CCB053 /* Release */,
			);
			defaultConfigurationIsVisible = 0;
			defaultConfigurationName = Release;
		};
		D9CF138F2065A8AF00CCB053 /* Build configuration list for PBXNativeTarget "Todoey" */ = {
			isa = XCConfigurationList;
			buildConfigurations = (
				D9CF13902065A8AF00CCB053 /* Debug */,
				D9CF13912065A8AF00CCB053 /* Release */,
			);
			defaultConfigurationIsVisible = 0;
			defaultConfigurationName = Release;
		};
/* End XCConfigurationList section */
	};
	rootObject = D9CF13752065A8AF00CCB053 /* Project object */;
}
